<?xml version="1.0" encoding="utf-8"?>
<Project ToolsVersion="4.0" xmlns="http://schemas.microsoft.com/developer/msbuild/2003">
  <ItemGroup>
    <Filter Include="源文件">
      <UniqueIdentifier>{4FC737F1-C7A5-4376-A066-2A32D752A2FF}</UniqueIdentifier>
      <Extensions>cpp;c;cc;cxx;def;odl;idl;hpj;bat;asm;asmx</Extensions>
    </Filter>
    <Filter Include="头文件">
      <UniqueIdentifier>{93995380-89BD-4b04-88EB-625FBE52EBFB}</UniqueIdentifier>
      <Extensions>h;hpp;hxx;hm;inl;inc;xsd</Extensions>
    </Filter>
    <Filter Include="资源文件">
      <UniqueIdentifier>{67DA6AB6-F800-4c08-8B7A-83BB121AAD01}</UniqueIdentifier>
      <Extensions>rc;ico;cur;bmp;dlg;rc2;rct;bin;rgs;gif;jpg;jpeg;jpe;resx;tiff;tif;png;wav</Extensions>
    </Filter>
  </ItemGroup>
  <ItemGroup>
    <ClCompile Include="CallCtrlDlg.cpp">
      <Filter>源文件</Filter>
    </ClCompile>
    <ClCompile Include="CallSetDlg.cpp">
      <Filter>源文件</Filter>
    </ClCompile>
    <ClCompile Include="COleImage.cpp">
      <Filter>源文件</Filter>
    </ClCompile>
    <ClCompile Include="ConfDlg.cpp">
      <Filter>源文件</Filter>
    </ClCompile>
    <ClCompile Include="ContactDlg.cpp">
      <Filter>源文件</Filter>
    </ClCompile>
    <ClCompile Include="Data.cpp">
      <Filter>源文件</Filter>
    </ClCompile>
    <ClCompile Include="DataConfDlg.cpp">
      <Filter>源文件</Filter>
    </ClCompile>
    <ClCompile Include="DetailDlg.cpp">
      <Filter>源文件</Filter>
    </ClCompile>
    <ClCompile Include="DialPadDlg.cpp">
      <Filter>源文件</Filter>
    </ClCompile>
    <ClCompile Include="EntAddrDlg.cpp">
      <Filter>源文件</Filter>
    </ClCompile>
    <ClCompile Include="FileSetDlg.cpp">
      <Filter>源文件</Filter>
    </ClCompile>
    <ClCompile Include="GroupAddDlg.cpp">
      <Filter>源文件</Filter>
    </ClCompile>
    <ClCompile Include="GroupDlg.cpp">
      <Filter>源文件</Filter>
    </ClCompile>
    <ClCompile Include="GroupInviteDlg.cpp">
      <Filter>源文件</Filter>
    </ClCompile>
    <ClCompile Include="GroupSearchDlg.cpp">
      <Filter>源文件</Filter>
    </ClCompile>
    <ClCompile Include="ImageStatic.cpp">
      <Filter>源文件</Filter>
    </ClCompile>
    <ClCompile Include="IMDlg.cpp">
      <Filter>源文件</Filter>
    </ClCompile>
    <ClCompile Include="IMManage.cpp">
      <Filter>源文件</Filter>
    </ClCompile>
    <ClCompile Include="LevelDlg.cpp">
      <Filter>源文件</Filter>
    </ClCompile>
    <ClCompile Include="LoginDlg.cpp">
      <Filter>源文件</Filter>
    </ClCompile>
    <ClCompile Include="MainDlg.cpp">
      <Filter>源文件</Filter>
    </ClCompile>
    <ClCompile Include="MediaSetDlg.cpp">
      <Filter>源文件</Filter>
    </ClCompile>
    <ClCompile Include="NewCallDlg.cpp">
      <Filter>源文件</Filter>
    </ClCompile>
    <ClCompile Include="NotifyCallBack.cpp">
      <Filter>源文件</Filter>
    </ClCompile>
    <ClCompile Include="RichEditCtrlEx.cpp">
      <Filter>源文件</Filter>
    </ClCompile>
    <ClCompile Include="SelectDlg.cpp">
      <Filter>源文件</Filter>
    </ClCompile>
    <ClCompile Include="SelfSetDlg.cpp">
      <Filter>源文件</Filter>
    </ClCompile>
    <ClCompile Include="SettingDlg.cpp">
      <Filter>源文件</Filter>
    </ClCompile>
    <ClCompile Include="ShareStatic.cpp">
      <Filter>源文件</Filter>
    </ClCompile>
    <ClCompile Include="stdafx.cpp">
      <Filter>源文件</Filter>
    </ClCompile>
    <ClCompile Include="Tools.cpp">
      <Filter>源文件</Filter>
    </ClCompile>
    <ClCompile Include="TransDlg.cpp">
      <Filter>源文件</Filter>
    </ClCompile>
    <ClCompile Include="TUPSDKPCDemo.cpp">
      <Filter>源文件</Filter>
    </ClCompile>
    <ClCompile Include="UserGroupDlg.cpp">
      <Filter>源文件</Filter>
    </ClCompile>
    <ClCompile Include="VideoPreviewDlg.cpp">
      <Filter>源文件</Filter>
    </ClCompile>
  </ItemGroup>
  <ItemGroup>
    <Midl Include="TUPSDKPCDemo.idl">
      <Filter>源文件</Filter>
    </Midl>
  </ItemGroup>
  <ItemGroup>
    <ClInclude Include="_ICOleImageEvents_CP.h">
      <Filter>头文件</Filter>
    </ClInclude>
    <ClInclude Include="CallCtrlDlg.h">
      <Filter>头文件</Filter>
    </ClInclude>
    <ClInclude Include="CallSetDlg.h">
      <Filter>头文件</Filter>
    </ClInclude>
    <ClInclude Include="COleImage.h">
      <Filter>头文件</Filter>
    </ClInclude>
    <ClInclude Include="ConfDlg.h">
      <Filter>头文件</Filter>
    </ClInclude>
    <ClInclude Include="ContactDlg.h">
      <Filter>头文件</Filter>
    </ClInclude>
    <ClInclude Include="Data.h">
      <Filter>头文件</Filter>
    </ClInclude>
    <ClInclude Include="DataConfDlg.h">
      <Filter>头文件</Filter>
    </ClInclude>
    <ClInclude Include="DetailDlg.h">
      <Filter>头文件</Filter>
    </ClInclude>
    <ClInclude Include="DialPadDlg.h">
      <Filter>头文件</Filter>
    </ClInclude>
    <ClInclude Include="EntAddrDlg.h">
      <Filter>头文件</Filter>
    </ClInclude>
    <ClInclude Include="FileSetDlg.h">
      <Filter>头文件</Filter>
    </ClInclude>
    <ClInclude Include="GroupAddDlg.h">
      <Filter>头文件</Filter>
    </ClInclude>
    <ClInclude Include="GroupDlg.h">
      <Filter>头文件</Filter>
    </ClInclude>
    <ClInclude Include="GroupInviteDlg.h">
      <Filter>头文件</Filter>
    </ClInclude>
    <ClInclude Include="GroupSearchDlg.h">
      <Filter>头文件</Filter>
    </ClInclude>
    <ClInclude Include="ImageStatic.h">
      <Filter>头文件</Filter>
    </ClInclude>
    <ClInclude Include="IMDlg.h">
      <Filter>头文件</Filter>
    </ClInclude>
    <ClInclude Include="IMManage.h">
      <Filter>头文件</Filter>
    </ClInclude>
    <ClInclude Include="LevelDlg.h">
      <Filter>头文件</Filter>
    </ClInclude>
    <ClInclude Include="LoginDlg.h">
      <Filter>头文件</Filter>
    </ClInclude>
    <ClInclude Include="MainDlg.h">
      <Filter>头文件</Filter>
    </ClInclude>
    <ClInclude Include="MediaSetDlg.h">
      <Filter>头文件</Filter>
    </ClInclude>
    <ClInclude Include="NewCallDlg.h">
      <Filter>头文件</Filter>
    </ClInclude>
    <ClInclude Include="NotifyCallBack.h">
      <Filter>头文件</Filter>
    </ClInclude>
    <ClInclude Include="Resource.h">
      <Filter>头文件</Filter>
    </ClInclude>
    <ClInclude Include="RichEditCtrlEx.h">
      <Filter>头文件</Filter>
    </ClInclude>
    <ClInclude Include="SelectDlg.h">
      <Filter>头文件</Filter>
    </ClInclude>
    <ClInclude Include="SelfSetDlg.h">
      <Filter>头文件</Filter>
    </ClInclude>
    <ClInclude Include="SettingDlg.h">
      <Filter>头文件</Filter>
    </ClInclude>
    <ClInclude Include="ShareStatic.h">
      <Filter>头文件</Filter>
    </ClInclude>
    <ClInclude Include="stdafx.h">
      <Filter>头文件</Filter>
    </ClInclude>
    <ClInclude Include="targetver.h">
      <Filter>头文件</Filter>
    </ClInclude>
    <ClInclude Include="Tools.h">
      <Filter>头文件</Filter>
    </ClInclude>
    <ClInclude Include="TransDlg.h">
      <Filter>头文件</Filter>
    </ClInclude>
    <ClInclude Include="TUPSDKPCDemo.h">
      <Filter>头文件</Filter>
    </ClInclude>
    <ClInclude Include="UserGroupDlg.h">
      <Filter>头文件</Filter>
    </ClInclude>
    <ClInclude Include="VideoPreviewDlg.h">
      <Filter>头文件</Filter>
    </ClInclude>
  </ItemGroup>
  <ItemGroup>
    <None Include="COleImage.bmp">
      <Filter>资源文件</Filter>
    </None>
    <None Include="COleImage.rgs">
      <Filter>资源文件</Filter>
    </None>
    <None Include="res\custom_contact.bmp">
      <Filter>资源文件</Filter>
    </None>
    <None Include="res\friend.bmp">
      <Filter>资源文件</Filter>
    </None>
    <None Include="res\icon1.ico">
      <Filter>资源文件</Filter>
    </None>
    <None Include="res\icon2.ico">
      <Filter>资源文件</Filter>
    </None>
    <None Include="res\icon_onl.ico">
      <Filter>资源文件</Filter>
    </None>
    <None Include="res\lp.bmp">
      <Filter>资源文件</Filter>
    </None>
    <None Include="res\lp.png">
      <Filter>资源文件</Filter>
    </None>
    <None Include="res\SmartCallIconSmall.bmp">
      <Filter>资源文件</Filter>
    </None>
    <None Include="res\SmartCallIconSmall_Press.bmp">
      <Filter>资源文件</Filter>
    </None>
    <None Include="res\tree_Friend_fold_hot.bmp">
      <Filter>资源文件</Filter>
    </None>
    <None Include="res\tree_Friend_unfold_nor.bmp">
      <Filter>资源文件</Filter>
    </None>
    <None Include="res\TUPSDKPCDemo.ico">
      <Filter>资源文件</Filter>
    </None>
    <None Include="res\TUPSDKPCDemo.rc2">
      <Filter>资源文件</Filter>
    </None>
    <None Include="TUPSDKPCDemo.rgs">
      <Filter>资源文件</Filter>
    </None>
    <None Include="COleImage.htm" />
    <None Include="ReadMe.txt" />
  </ItemGroup>
  <ItemGroup>
    <ResourceCompile Include="TUPSDKPCDemo.rc">
      <Filter>资源文件</Filter>
    </ResourceCompile>
  </ItemGroup>
</Project>